
Microsoft Visual Studio Solution File, Format Version 12.00
# Visual Studio Version 17
VisualStudioVersion = 17.14.36623.8 d17.14
MinimumVisualStudioVersion = 10.0.40219.1
Project("{FAE04EC0-301F-11D3-BF4B-00C04F79EFBC}") = "Bai04", "Bai04\Bai04.csproj", "{DEFBFB1B-7970-41C4-9A1C-E3214499BF84}"
EndProject
Global
	GlobalSection(SolutionConfigurationPlatforms) = preSolution
		Debug|Any CPU = Debug|Any CPU
		Release|Any CPU = Release|Any CPU
	EndGlobalSection
	GlobalSection(ProjectConfigurationPlatforms) = postSolution
		{DEFBFB1B-7970-41C4-9A1C-E3214499BF84}.Debug|Any CPU.ActiveCfg = Debug|Any CPU
		{DEFBFB1B-7970-41C4-9A1C-E3214499BF84}.Debug|Any CPU.Build.0 = Debug|Any CPU
		{DEFBFB1B-7970-41C4-9A1C-E3214499BF84}.Release|Any CPU.ActiveCfg = Release|Any CPU
		{DEFBFB1B-7970-41C4-9A1C-E3214499BF84}.Release|Any CPU.Build.0 = Release|Any CPU
	EndGlobalSection
	GlobalSection(SolutionProperties) = preSolution
		HideSolutionNode = FALSE
	EndGlobalSection
	GlobalSection(ExtensibilityGlobals) = postSolution
		SolutionGuid = {D7E66005-AA42-4848-B728-67F48B39FC8A}
	EndGlobalSection
EndGlobal
